
Microsoft Visual Studio Solution File, Format Version 12.00
# Visual Studio Version 17
VisualStudioVersion = 17.2.32630.192
MinimumVisualStudioVersion = 10.0.40219.1
Project("{8BC9CEB8-8B4A-11D0-8D11-00A0C91BC942}") = "ConsoleApplication1", "ConsoleApplication1\ConsoleApplication1.vcxproj", "{5E9865A5-7B6C-4BCB-8AAF-E4FD738A4CF3}"
EndProject
Global
	GlobalSection(SolutionConfigurationPlatforms) = preSolution
		Debug|x64 = Debug|x64
		Debug|x86 = Debug|x86
		Release|x64 = Release|x64
		Release|x86 = Release|x86
	EndGlobalSection
	GlobalSection(ProjectConfigurationPlatforms) = postSolution
		{5E9865A5-7B6C-4BCB-8AAF-E4FD738A4CF3}.Debug|x64.ActiveCfg = Debug|x64
		{5E9865A5-7B6C-4BCB-8AAF-E4FD738A4CF3}.Debug|x64.Build.0 = Debug|x64
		{5E9865A5-7B6C-4BCB-8AAF-E4FD738A4CF3}.Debug|x86.ActiveCfg = Debug|Win32
		{5E9865A5-7B6C-4BCB-8AAF-E4FD738A4CF3}.Debug|x86.Build.0 = Debug|Win32
		{5E9865A5-7B6C-4BCB-8AAF-E4FD738A4CF3}.Release|x64.ActiveCfg = Release|x64
		{5E9865A5-7B6C-4BCB-8AAF-E4FD738A4CF3}.Release|x64.Build.0 = Release|x64
		{5E9865A5-7B6C-4BCB-8AAF-E4FD738A4CF3}.Release|x86.ActiveCfg = Release|Win32
		{5E9865A5-7B6C-4BCB-8AAF-E4FD738A4CF3}.Release|x86.Build.0 = Release|Win32
	EndGlobalSection
	GlobalSection(SolutionProperties) = preSolution
		HideSolutionNode = FALSE
	EndGlobalSection
	GlobalSection(ExtensibilityGlobals) = postSolution
		SolutionGuid = {8A5EB260-717A-4372-B794-5AAAA4462EEB}
	EndGlobalSection
EndGlobal
